
Microsoft Visual Studio Solution File, Format Version 12.00
# Visual Studio Version 17
VisualStudioVersion = 17.3.32825.248
MinimumVisualStudioVersion = 10.0.40219.1
Project("{FAE04EC0-301F-11D3-BF4B-00C04F79EFBC}") = "eTickets", "eTickets.csproj", "{5B8E66D3-DB38-4F76-89B7-5644CCAC28C4}"
EndProject
Global
	GlobalSection(SolutionConfigurationPlatforms) = preSolution
		Debug|Any CPU = Debug|Any CPU
		Release|Any CPU = Release|Any CPU
	EndGlobalSection
	GlobalSection(ProjectConfigurationPlatforms) = postSolution
		{5B8E66D3-DB38-4F76-89B7-5644CCAC28C4}.Debug|Any CPU.ActiveCfg = Debug|Any CPU
		{5B8E66D3-DB38-4F76-89B7-5644CCAC28C4}.Debug|Any CPU.Build.0 = Debug|Any CPU
		{5B8E66D3-DB38-4F76-89B7-5644CCAC28C4}.Release|Any CPU.ActiveCfg = Release|Any CPU
		{5B8E66D3-DB38-4F76-89B7-5644CCAC28C4}.Release|Any CPU.Build.0 = Release|Any CPU
	EndGlobalSection
	GlobalSection(SolutionProperties) = preSolution
		HideSolutionNode = FALSE
	EndGlobalSection
	GlobalSection(ExtensibilityGlobals) = postSolution
		SolutionGuid = {4BB39D8F-445B-466E-92ED-BAEEABAB3AB2}
	EndGlobalSection
EndGlobal
